
Microsoft Visual Studio Solution File, Format Version 12.00
# Visual Studio 15
VisualStudioVersion = 15.0.28010.2050
MinimumVisualStudioVersion = 10.0.40219.1
Project("{FAE04EC0-301F-11D3-BF4B-00C04F79EFBC}") = "Part11-21", "Part11-21\Part11-21.csproj", "{DAEFCD9B-4584-4CE0-B3BA-F365EA9DCA05}"
EndProject
Global
	GlobalSection(SolutionConfigurationPlatforms) = preSolution
		Debug|Any CPU = Debug|Any CPU
		Release|Any CPU = Release|Any CPU
	EndGlobalSection
	GlobalSection(ProjectConfigurationPlatforms) = postSolution
		{DAEFCD9B-4584-4CE0-B3BA-F365EA9DCA05}.Debug|Any CPU.ActiveCfg = Debug|Any CPU
		{DAEFCD9B-4584-4CE0-B3BA-F365EA9DCA05}.Debug|Any CPU.Build.0 = Debug|Any CPU
		{DAEFCD9B-4584-4CE0-B3BA-F365EA9DCA05}.Release|Any CPU.ActiveCfg = Release|Any CPU
		{DAEFCD9B-4584-4CE0-B3BA-F365EA9DCA05}.Release|Any CPU.Build.0 = Release|Any CPU
	EndGlobalSection
	GlobalSection(SolutionProperties) = preSolution
		HideSolutionNode = FALSE
	EndGlobalSection
	GlobalSection(ExtensibilityGlobals) = postSolution
		SolutionGuid = {5EB54990-A92C-47BB-B538-AA7DBBE2C780}
	EndGlobalSection
EndGlobal
